
Microsoft Visual Studio Solution File, Format Version 12.00
# Visual Studio Version 16
VisualStudioVersion = 16.0.30717.126
MinimumVisualStudioVersion = 10.0.40219.1
Project("{2150E333-8FDC-42A3-9474-1A3956D46DE8}") = "src", "src", "{F6AF456A-03E0-4FCF-9B02-339D1B2DA7B1}"
EndProject
Project("{2150E333-8FDC-42A3-9474-1A3956D46DE8}") = "Identity", "Identity", "{26A3C32D-E512-48B4-B8F3-4391004672FC}"
EndProject
Project("{9A19103F-16F7-4668-BE54-9A1E7A4F7556}") = "Identity.API", "src\Identity\Identity.API\Identity.API.csproj", "{0113BCDF-0BE4-47F3-95FC-D9957F6CD578}"
EndProject
Project("{9A19103F-16F7-4668-BE54-9A1E7A4F7556}") = "Identity.Application", "src\Identity\Identity.Application\Identity.Application.csproj", "{BA64376A-ADEC-4323-BD0C-2405CC534FD1}"
EndProject
Project("{9A19103F-16F7-4668-BE54-9A1E7A4F7556}") = "Identity.Core", "src\Identity\Identity.Core\Identity.Core.csproj", "{7B928FEA-AFE5-41B2-BCE1-74DCE28A76CF}"
EndProject
Project("{9A19103F-16F7-4668-BE54-9A1E7A4F7556}") = "Identity.Infrastructure", "src\Identity\Identity.Infrastructure\Identity.Infrastructure.csproj", "{96B4F576-D68D-4831-8F38-E180D40AD0B7}"
EndProject
Project("{E53339B2-1760-4266-BCC7-CA923CBCF16C}") = "docker-compose", "docker-compose.dcproj", "{E7C67968-D950-4E2D-B3EB-F436625E27D1}"
EndProject
Project("{2150E333-8FDC-42A3-9474-1A3956D46DE8}") = "Catalog", "Catalog", "{5CCB86FA-2A45-4131-A336-49ED98D5992B}"
EndProject
Project("{9A19103F-16F7-4668-BE54-9A1E7A4F7556}") = "Catalog.API", "src\Catalog\Catalog.API\Catalog.API.csproj", "{DAAAE2D7-883B-444B-AFD0-594F62A87D38}"
EndProject
Project("{9A19103F-16F7-4668-BE54-9A1E7A4F7556}") = "Catalog.Core", "src\Catalog\Catalog.Core\Catalog.Core.csproj", "{CEA28C97-04D2-457F-9BC5-15E895ED63B0}"
EndProject
Project("{9A19103F-16F7-4668-BE54-9A1E7A4F7556}") = "Catalog.Infrastructure", "src\Catalog\Catalog.Infrastructure\Catalog.Infrastructure.csproj", "{EDAF84EF-B2DB-4341-8C4A-23BBC307BDE1}"
EndProject
Project("{9A19103F-16F7-4668-BE54-9A1E7A4F7556}") = "Catalog.Support", "src\Catalog\Catalog.Support\Catalog.Support.csproj", "{8C2B0D03-9114-45B9-B998-7DCFC24C186E}"
EndProject
Project("{2150E333-8FDC-42A3-9474-1A3956D46DE8}") = "Basket", "Basket", "{AB576753-10DF-4A2B-BC46-6664238BB7FF}"
EndProject
Project("{9A19103F-16F7-4668-BE54-9A1E7A4F7556}") = "Basket.API", "src\Basket\Basket.API\Basket.API.csproj", "{9D992B57-DFB5-4F72-BE95-482C35802974}"
EndProject
Project("{9A19103F-16F7-4668-BE54-9A1E7A4F7556}") = "Basket.Core", "src\Basket\Basket.Core\Basket.Core.csproj", "{B29FB9AC-8078-4873-BA1D-46EFDE9528C9}"
EndProject
Project("{9A19103F-16F7-4668-BE54-9A1E7A4F7556}") = "Basket.Infrastructure", "src\Basket\Basket.Infrastructure\Basket.Infrastructure.csproj", "{2F9956AD-E3C5-4D85-919C-AE62221C47CC}"
EndProject
Project("{2150E333-8FDC-42A3-9474-1A3956D46DE8}") = "EventBus", "EventBus", "{BB439D03-9A7E-4063-9901-97A39C370FA8}"
EndProject
Project("{9A19103F-16F7-4668-BE54-9A1E7A4F7556}") = "EventBusRabbitMQ", "src\Common\EventBusRabbitMQ\EventBusRabbitMQ.csproj", "{1FA115F9-1721-4BC4-AD4A-1E8E3DD7B5EC}"
EndProject
Project("{2150E333-8FDC-42A3-9474-1A3956D46DE8}") = "Checkout", "Checkout", "{CA300EAD-BD63-4E03-97CA-E6A561C50EF1}"
EndProject
Project("{9A19103F-16F7-4668-BE54-9A1E7A4F7556}") = "Checkout.API", "src\Checkout\Checkout.API\Checkout.API.csproj", "{9714F2BE-B2DB-4EFD-B05E-42236758CD11}"
EndProject
Project("{9A19103F-16F7-4668-BE54-9A1E7A4F7556}") = "Checkout.Core", "src\Checkout\Checkout.Core\Checkout.Core.csproj", "{9925FF1C-18B0-4CEE-B33D-2D83EBCE1F1E}"
EndProject
Project("{9A19103F-16F7-4668-BE54-9A1E7A4F7556}") = "Checkout.Infrastructure", "src\Checkout\Checkout.Infrastructure\Checkout.Infrastructure.csproj", "{E66DBF3D-0D31-418C-9DB0-B062BE22605B}"
EndProject
Project("{9A19103F-16F7-4668-BE54-9A1E7A4F7556}") = "Checkout.Application", "src\Checkout\Checkout.Application\Checkout.Application.csproj", "{E6E2177A-F5E9-481F-A847-BC02A9D2828B}"
EndProject
Project("{2150E333-8FDC-42A3-9474-1A3956D46DE8}") = "Solution Items", "Solution Items", "{102DB18F-1C56-4FA6-8FA6-81BA0FBB615D}"
	ProjectSection(SolutionItems) = preProject
		README.md = README.md
	EndProjectSection
EndProject
Project("{2150E333-8FDC-42A3-9474-1A3956D46DE8}") = "ApiGateway", "ApiGateway", "{87F9199F-3FD3-4BD3-AAA6-223DF6206862}"
EndProject
Project("{FAE04EC0-301F-11D3-BF4B-00C04F79EFBC}") = "ApiGw", "src\ApiGateway\ApiGw\ApiGw.csproj", "{EA59ED9A-890E-4722-A3B7-10A6E30351CB}"
EndProject
Global
	GlobalSection(SolutionConfigurationPlatforms) = preSolution
		Debug|Any CPU = Debug|Any CPU
		Release|Any CPU = Release|Any CPU
	EndGlobalSection
	GlobalSection(ProjectConfigurationPlatforms) = postSolution
		{0113BCDF-0BE4-47F3-95FC-D9957F6CD578}.Debug|Any CPU.ActiveCfg = Debug|Any CPU
		{0113BCDF-0BE4-47F3-95FC-D9957F6CD578}.Debug|Any CPU.Build.0 = Debug|Any CPU
		{0113BCDF-0BE4-47F3-95FC-D9957F6CD578}.Release|Any CPU.ActiveCfg = Release|Any CPU
		{0113BCDF-0BE4-47F3-95FC-D9957F6CD578}.Release|Any CPU.Build.0 = Release|Any CPU
		{BA64376A-ADEC-4323-BD0C-2405CC534FD1}.Debug|Any CPU.ActiveCfg = Debug|Any CPU
		{BA64376A-ADEC-4323-BD0C-2405CC534FD1}.Debug|Any CPU.Build.0 = Debug|Any CPU
		{BA64376A-ADEC-4323-BD0C-2405CC534FD1}.Release|Any CPU.ActiveCfg = Release|Any CPU
		{BA64376A-ADEC-4323-BD0C-2405CC534FD1}.Release|Any CPU.Build.0 = Release|Any CPU
		{7B928FEA-AFE5-41B2-BCE1-74DCE28A76CF}.Debug|Any CPU.ActiveCfg = Debug|Any CPU
		{7B928FEA-AFE5-41B2-BCE1-74DCE28A76CF}.Debug|Any CPU.Build.0 = Debug|Any CPU
		{7B928FEA-AFE5-41B2-BCE1-74DCE28A76CF}.Release|Any CPU.ActiveCfg = Release|Any CPU
		{7B928FEA-AFE5-41B2-BCE1-74DCE28A76CF}.Release|Any CPU.Build.0 = Release|Any CPU
		{96B4F576-D68D-4831-8F38-E180D40AD0B7}.Debug|Any CPU.ActiveCfg = Debug|Any CPU
		{96B4F576-D68D-4831-8F38-E180D40AD0B7}.Debug|Any CPU.Build.0 = Debug|Any CPU
		{96B4F576-D68D-4831-8F38-E180D40AD0B7}.Release|Any CPU.ActiveCfg = Release|Any CPU
		{96B4F576-D68D-4831-8F38-E180D40AD0B7}.Release|Any CPU.Build.0 = Release|Any CPU
		{E7C67968-D950-4E2D-B3EB-F436625E27D1}.Debug|Any CPU.ActiveCfg = Debug|Any CPU
		{E7C67968-D950-4E2D-B3EB-F436625E27D1}.Debug|Any CPU.Build.0 = Debug|Any CPU
		{E7C67968-D950-4E2D-B3EB-F436625E27D1}.Release|Any CPU.ActiveCfg = Release|Any CPU
		{E7C67968-D950-4E2D-B3EB-F436625E27D1}.Release|Any CPU.Build.0 = Release|Any CPU
		{DAAAE2D7-883B-444B-AFD0-594F62A87D38}.Debug|Any CPU.ActiveCfg = Debug|Any CPU
		{DAAAE2D7-883B-444B-AFD0-594F62A87D38}.Debug|Any CPU.Build.0 = Debug|Any CPU
		{DAAAE2D7-883B-444B-AFD0-594F62A87D38}.Release|Any CPU.ActiveCfg = Release|Any CPU
		{DAAAE2D7-883B-444B-AFD0-594F62A87D38}.Release|Any CPU.Build.0 = Release|Any CPU
		{CEA28C97-04D2-457F-9BC5-15E895ED63B0}.Debug|Any CPU.ActiveCfg = Debug|Any CPU
		{CEA28C97-04D2-457F-9BC5-15E895ED63B0}.Debug|Any CPU.Build.0 = Debug|Any CPU
		{CEA28C97-04D2-457F-9BC5-15E895ED63B0}.Release|Any CPU.ActiveCfg = Release|Any CPU
		{CEA28C97-04D2-457F-9BC5-15E895ED63B0}.Release|Any CPU.Build.0 = Release|Any CPU
		{EDAF84EF-B2DB-4341-8C4A-23BBC307BDE1}.Debug|Any CPU.ActiveCfg = Debug|Any CPU
		{EDAF84EF-B2DB-4341-8C4A-23BBC307BDE1}.Debug|Any CPU.Build.0 = Debug|Any CPU
		{EDAF84EF-B2DB-4341-8C4A-23BBC307BDE1}.Release|Any CPU.ActiveCfg = Release|Any CPU
		{EDAF84EF-B2DB-4341-8C4A-23BBC307BDE1}.Release|Any CPU.Build.0 = Release|Any CPU
		{8C2B0D03-9114-45B9-B998-7DCFC24C186E}.Debug|Any CPU.ActiveCfg = Debug|Any CPU
		{8C2B0D03-9114-45B9-B998-7DCFC24C186E}.Debug|Any CPU.Build.0 = Debug|Any CPU
		{8C2B0D03-9114-45B9-B998-7DCFC24C186E}.Release|Any CPU.ActiveCfg = Release|Any CPU
		{8C2B0D03-9114-45B9-B998-7DCFC24C186E}.Release|Any CPU.Build.0 = Release|Any CPU
		{9D992B57-DFB5-4F72-BE95-482C35802974}.Debug|Any CPU.ActiveCfg = Debug|Any CPU
		{9D992B57-DFB5-4F72-BE95-482C35802974}.Debug|Any CPU.Build.0 = Debug|Any CPU
		{9D992B57-DFB5-4F72-BE95-482C35802974}.Release|Any CPU.ActiveCfg = Release|Any CPU
		{9D992B57-DFB5-4F72-BE95-482C35802974}.Release|Any CPU.Build.0 = Release|Any CPU
		{B29FB9AC-8078-4873-BA1D-46EFDE9528C9}.Debug|Any CPU.ActiveCfg = Debug|Any CPU
		{B29FB9AC-8078-4873-BA1D-46EFDE9528C9}.Debug|Any CPU.Build.0 = Debug|Any CPU
		{B29FB9AC-8078-4873-BA1D-46EFDE9528C9}.Release|Any CPU.ActiveCfg = Release|Any CPU
		{B29FB9AC-8078-4873-BA1D-46EFDE9528C9}.Release|Any CPU.Build.0 = Release|Any CPU
		{2F9956AD-E3C5-4D85-919C-AE62221C47CC}.Debug|Any CPU.ActiveCfg = Debug|Any CPU
		{2F9956AD-E3C5-4D85-919C-AE62221C47CC}.Debug|Any CPU.Build.0 = Debug|Any CPU
		{2F9956AD-E3C5-4D85-919C-AE62221C47CC}.Release|Any CPU.ActiveCfg = Release|Any CPU
		{2F9956AD-E3C5-4D85-919C-AE62221C47CC}.Release|Any CPU.Build.0 = Release|Any CPU
		{1FA115F9-1721-4BC4-AD4A-1E8E3DD7B5EC}.Debug|Any CPU.ActiveCfg = Debug|Any CPU
		{1FA115F9-1721-4BC4-AD4A-1E8E3DD7B5EC}.Debug|Any CPU.Build.0 = Debug|Any CPU
		{1FA115F9-1721-4BC4-AD4A-1E8E3DD7B5EC}.Release|Any CPU.ActiveCfg = Release|Any CPU
		{1FA115F9-1721-4BC4-AD4A-1E8E3DD7B5EC}.Release|Any CPU.Build.0 = Release|Any CPU
		{9714F2BE-B2DB-4EFD-B05E-42236758CD11}.Debug|Any CPU.ActiveCfg = Debug|Any CPU
		{9714F2BE-B2DB-4EFD-B05E-42236758CD11}.Debug|Any CPU.Build.0 = Debug|Any CPU
		{9714F2BE-B2DB-4EFD-B05E-42236758CD11}.Release|Any CPU.ActiveCfg = Release|Any CPU
		{9714F2BE-B2DB-4EFD-B05E-42236758CD11}.Release|Any CPU.Build.0 = Release|Any CPU
		{9925FF1C-18B0-4CEE-B33D-2D83EBCE1F1E}.Debug|Any CPU.ActiveCfg = Debug|Any CPU
		{9925FF1C-18B0-4CEE-B33D-2D83EBCE1F1E}.Debug|Any CPU.Build.0 = Debug|Any CPU
		{9925FF1C-18B0-4CEE-B33D-2D83EBCE1F1E}.Release|Any CPU.ActiveCfg = Release|Any CPU
		{9925FF1C-18B0-4CEE-B33D-2D83EBCE1F1E}.Release|Any CPU.Build.0 = Release|Any CPU
		{E66DBF3D-0D31-418C-9DB0-B062BE22605B}.Debug|Any CPU.ActiveCfg = Debug|Any CPU
		{E66DBF3D-0D31-418C-9DB0-B062BE22605B}.Debug|Any CPU.Build.0 = Debug|Any CPU
		{E66DBF3D-0D31-418C-9DB0-B062BE22605B}.Release|Any CPU.ActiveCfg = Release|Any CPU
		{E66DBF3D-0D31-418C-9DB0-B062BE22605B}.Release|Any CPU.Build.0 = Release|Any CPU
		{E6E2177A-F5E9-481F-A847-BC02A9D2828B}.Debug|Any CPU.ActiveCfg = Debug|Any CPU
		{E6E2177A-F5E9-481F-A847-BC02A9D2828B}.Debug|Any CPU.Build.0 = Debug|Any CPU
		{E6E2177A-F5E9-481F-A847-BC02A9D2828B}.Release|Any CPU.ActiveCfg = Release|Any CPU
		{E6E2177A-F5E9-481F-A847-BC02A9D2828B}.Release|Any CPU.Build.0 = Release|Any CPU
		{EA59ED9A-890E-4722-A3B7-10A6E30351CB}.Debug|Any CPU.ActiveCfg = Debug|Any CPU
		{EA59ED9A-890E-4722-A3B7-10A6E30351CB}.Debug|Any CPU.Build.0 = Debug|Any CPU
		{EA59ED9A-890E-4722-A3B7-10A6E30351CB}.Release|Any CPU.ActiveCfg = Release|Any CPU
		{EA59ED9A-890E-4722-A3B7-10A6E30351CB}.Release|Any CPU.Build.0 = Release|Any CPU
	EndGlobalSection
	GlobalSection(SolutionProperties) = preSolution
		HideSolutionNode = FALSE
	EndGlobalSection
	GlobalSection(NestedProjects) = preSolution
		{26A3C32D-E512-48B4-B8F3-4391004672FC} = {F6AF456A-03E0-4FCF-9B02-339D1B2DA7B1}
		{0113BCDF-0BE4-47F3-95FC-D9957F6CD578} = {26A3C32D-E512-48B4-B8F3-4391004672FC}
		{BA64376A-ADEC-4323-BD0C-2405CC534FD1} = {26A3C32D-E512-48B4-B8F3-4391004672FC}
		{7B928FEA-AFE5-41B2-BCE1-74DCE28A76CF} = {26A3C32D-E512-48B4-B8F3-4391004672FC}
		{96B4F576-D68D-4831-8F38-E180D40AD0B7} = {26A3C32D-E512-48B4-B8F3-4391004672FC}
		{5CCB86FA-2A45-4131-A336-49ED98D5992B} = {F6AF456A-03E0-4FCF-9B02-339D1B2DA7B1}
		{DAAAE2D7-883B-444B-AFD0-594F62A87D38} = {5CCB86FA-2A45-4131-A336-49ED98D5992B}
		{CEA28C97-04D2-457F-9BC5-15E895ED63B0} = {5CCB86FA-2A45-4131-A336-49ED98D5992B}
		{EDAF84EF-B2DB-4341-8C4A-23BBC307BDE1} = {5CCB86FA-2A45-4131-A336-49ED98D5992B}
		{8C2B0D03-9114-45B9-B998-7DCFC24C186E} = {5CCB86FA-2A45-4131-A336-49ED98D5992B}
		{AB576753-10DF-4A2B-BC46-6664238BB7FF} = {F6AF456A-03E0-4FCF-9B02-339D1B2DA7B1}
		{9D992B57-DFB5-4F72-BE95-482C35802974} = {AB576753-10DF-4A2B-BC46-6664238BB7FF}
		{B29FB9AC-8078-4873-BA1D-46EFDE9528C9} = {AB576753-10DF-4A2B-BC46-6664238BB7FF}
		{2F9956AD-E3C5-4D85-919C-AE62221C47CC} = {AB576753-10DF-4A2B-BC46-6664238BB7FF}
		{BB439D03-9A7E-4063-9901-97A39C370FA8} = {F6AF456A-03E0-4FCF-9B02-339D1B2DA7B1}
		{1FA115F9-1721-4BC4-AD4A-1E8E3DD7B5EC} = {BB439D03-9A7E-4063-9901-97A39C370FA8}
		{CA300EAD-BD63-4E03-97CA-E6A561C50EF1} = {F6AF456A-03E0-4FCF-9B02-339D1B2DA7B1}
		{9714F2BE-B2DB-4EFD-B05E-42236758CD11} = {CA300EAD-BD63-4E03-97CA-E6A561C50EF1}
		{9925FF1C-18B0-4CEE-B33D-2D83EBCE1F1E} = {CA300EAD-BD63-4E03-97CA-E6A561C50EF1}
		{E66DBF3D-0D31-418C-9DB0-B062BE22605B} = {CA300EAD-BD63-4E03-97CA-E6A561C50EF1}
		{E6E2177A-F5E9-481F-A847-BC02A9D2828B} = {CA300EAD-BD63-4E03-97CA-E6A561C50EF1}
		{87F9199F-3FD3-4BD3-AAA6-223DF6206862} = {F6AF456A-03E0-4FCF-9B02-339D1B2DA7B1}
		{EA59ED9A-890E-4722-A3B7-10A6E30351CB} = {87F9199F-3FD3-4BD3-AAA6-223DF6206862}
	EndGlobalSection
	GlobalSection(ExtensibilityGlobals) = postSolution
		SolutionGuid = {8581BBE6-65F3-4D29-AEDA-EAA0961C3554}
	EndGlobalSection
EndGlobal
